
Microsoft Visual Studio Solution File, Format Version 12.00
# Visual Studio Version 16
VisualStudioVersion = 16.0.30330.147
MinimumVisualStudioVersion = 10.0.40219.1
Project("{8BC9CEB8-8B4A-11D0-8D11-00A0C91BC942}") = "Stack", "Stack\Stack.vcxproj", "{BF6F1C3B-F855-49A2-9884-98B5BE9340A1}"
EndProject
Global
	GlobalSection(SolutionConfigurationPlatforms) = preSolution
		Debug|x64 = Debug|x64
		Debug|x86 = Debug|x86
		Release|x64 = Release|x64
		Release|x86 = Release|x86
	EndGlobalSection
	GlobalSection(ProjectConfigurationPlatforms) = postSolution
		{BF6F1C3B-F855-49A2-9884-98B5BE9340A1}.Debug|x64.ActiveCfg = Debug|x64
		{BF6F1C3B-F855-49A2-9884-98B5BE9340A1}.Debug|x64.Build.0 = Debug|x64
		{BF6F1C3B-F855-49A2-9884-98B5BE9340A1}.Debug|x86.ActiveCfg = Debug|Win32
		{BF6F1C3B-F855-49A2-9884-98B5BE9340A1}.Debug|x86.Build.0 = Debug|Win32
		{BF6F1C3B-F855-49A2-9884-98B5BE9340A1}.Release|x64.ActiveCfg = Release|x64
		{BF6F1C3B-F855-49A2-9884-98B5BE9340A1}.Release|x64.Build.0 = Release|x64
		{BF6F1C3B-F855-49A2-9884-98B5BE9340A1}.Release|x86.ActiveCfg = Release|Win32
		{BF6F1C3B-F855-49A2-9884-98B5BE9340A1}.Release|x86.Build.0 = Release|Win32
	EndGlobalSection
	GlobalSection(SolutionProperties) = preSolution
		HideSolutionNode = FALSE
	EndGlobalSection
	GlobalSection(ExtensibilityGlobals) = postSolution
		SolutionGuid = {DC08ED42-D2B7-481A-A662-CFF683DF0531}
	EndGlobalSection
EndGlobal
